
Microsoft Visual Studio Solution File, Format Version 12.00
# Visual Studio Version 17
VisualStudioVersion = 17.9.34714.143
MinimumVisualStudioVersion = 10.0.40219.1
Project("{FAE04EC0-301F-11D3-BF4B-00C04F79EFBC}") = "pomodoroTimer", "pomodoroTimer.csproj", "{C62405C5-6B3B-4A21-BE12-98F65C7325F8}"
EndProject
Global
	GlobalSection(SolutionConfigurationPlatforms) = preSolution
		Debug|Any CPU = Debug|Any CPU
		Release|Any CPU = Release|Any CPU
	EndGlobalSection
	GlobalSection(ProjectConfigurationPlatforms) = postSolution
		{C62405C5-6B3B-4A21-BE12-98F65C7325F8}.Debug|Any CPU.ActiveCfg = Debug|Any CPU
		{C62405C5-6B3B-4A21-BE12-98F65C7325F8}.Debug|Any CPU.Build.0 = Debug|Any CPU
		{C62405C5-6B3B-4A21-BE12-98F65C7325F8}.Release|Any CPU.ActiveCfg = Release|Any CPU
		{C62405C5-6B3B-4A21-BE12-98F65C7325F8}.Release|Any CPU.Build.0 = Release|Any CPU
	EndGlobalSection
	GlobalSection(SolutionProperties) = preSolution
		HideSolutionNode = FALSE
	EndGlobalSection
	GlobalSection(ExtensibilityGlobals) = postSolution
		SolutionGuid = {B4972E4C-619B-4020-AF3F-867A0E6B7FC7}
	EndGlobalSection
EndGlobal
